
Microsoft Visual Studio Solution File, Format Version 10.00
# Visual Studio 2008
Project("{FAE04EC0-301F-11D3-BF4B-00C04F79EFBC}") = "distance_field", "distance_field\distance_field.csproj", "{09BFF900-481B-451B-86D2-B4A7FC617326}"
EndProject
Global
	GlobalSection(SolutionConfigurationPlatforms) = preSolution
		Debug|Any CPU = Debug|Any CPU
		Release|Any CPU = Release|Any CPU
	EndGlobalSection
	GlobalSection(ProjectConfigurationPlatforms) = postSolution
		{09BFF900-481B-451B-86D2-B4A7FC617326}.Debug|Any CPU.ActiveCfg = Debug|Any CPU
		{09BFF900-481B-451B-86D2-B4A7FC617326}.Debug|Any CPU.Build.0 = Debug|Any CPU
		{09BFF900-481B-451B-86D2-B4A7FC617326}.Release|Any CPU.ActiveCfg = Release|Any CPU
		{09BFF900-481B-451B-86D2-B4A7FC617326}.Release|Any CPU.Build.0 = Release|Any CPU
	EndGlobalSection
	GlobalSection(SolutionProperties) = preSolution
		HideSolutionNode = FALSE
	EndGlobalSection
EndGlobal
